// !$*UTF8*$!
{
	archiveVersion = 1;
	classes = {
	};
	objectVersion = 56;
	objects = {

/* Begin PBXBuildFile section */
		A0000020 /* TodoPiApp.swift in Sources */ = {isa = PBXBuildFile; fileRef = A0000012 /* TodoPiApp.swift */; };
		A0000021 /* MenuBarController.swift in Sources */ = {isa = PBXBuildFile; fileRef = A0000013 /* MenuBarController.swift */; };
		A0000022 /* MainWindowController.swift in Sources */ = {isa = PBXBuildFile; fileRef = A0000014 /* MainWindowController.swift */; };
		A0000023 /* MainWindowView.swift in Sources */ = {isa = PBXBuildFile; fileRef = A0000015 /* MainWindowView.swift */; };
		A0000024 /* MainWindowControllerTests.swift in Sources */ = {isa = PBXBuildFile; fileRef = A0000016 /* MainWindowControllerTests.swift */; };
/* End PBXBuildFile section */

/* Begin PBXContainerItemProxy section */
		A0000042 /* PBXContainerItemProxy */ = {
			isa = PBXContainerItemProxy;
			containerPortal = A0000001 /* Project object */;
			proxyType = 1;
			remoteGlobalIDString = A0000040 /* TodoPi */;
			remoteInfo = TodoPi;
		};
/* End PBXContainerItemProxy section */

/* Begin PBXFileReference section */
		A0000010 /* TodoPi.app */ = {isa = PBXFileReference; explicitFileType = wrapper.application; includeInIndex = 0; path = TodoPi.app; sourceTree = BUILT_PRODUCTS_DIR; };
		A0000011 /* TodoPiTests.xctest */ = {isa = PBXFileReference; explicitFileType = wrapper.cfbundle; includeInIndex = 0; path = TodoPiTests.xctest; sourceTree = BUILT_PRODUCTS_DIR; };
		A0000012 /* TodoPiApp.swift */ = {isa = PBXFileReference; lastKnownFileType = sourcecode.swift; path = TodoPiApp.swift; sourceTree = "<group>"; };
		A0000013 /* MenuBarController.swift */ = {isa = PBXFileReference; lastKnownFileType = sourcecode.swift; path = MenuBarController.swift; sourceTree = "<group>"; };
		A0000014 /* MainWindowController.swift */ = {isa = PBXFileReference; lastKnownFileType = sourcecode.swift; path = MainWindowController.swift; sourceTree = "<group>"; };
		A0000015 /* MainWindowView.swift */ = {isa = PBXFileReference; lastKnownFileType = sourcecode.swift; path = MainWindowView.swift; sourceTree = "<group>"; };
		A0000016 /* MainWindowControllerTests.swift */ = {isa = PBXFileReference; lastKnownFileType = sourcecode.swift; path = MainWindowControllerTests.swift; sourceTree = "<group>"; };
/* End PBXFileReference section */

/* Begin PBXFrameworksBuildPhase section */
		A0000031 /* Frameworks */ = {
			isa = PBXFrameworksBuildPhase;
			buildActionMask = 2147483647;
			files = (
			);
			runOnlyForDeploymentPostprocessing = 0;
		};
		A0000034 /* Frameworks */ = {
			isa = PBXFrameworksBuildPhase;
			buildActionMask = 2147483647;
			files = (
			);
			runOnlyForDeploymentPostprocessing = 0;
		};
/* End PBXFrameworksBuildPhase section */

/* Begin PBXGroup section */
		A0000002 = {
			isa = PBXGroup;
			children = (
				A0000004 /* TodoPi */,
				A0000006 /* TodoPiTests */,
				A0000003 /* Products */,
			);
			sourceTree = "<group>";
		};
		A0000003 /* Products */ = {
			isa = PBXGroup;
			children = (
				A0000010 /* TodoPi.app */,
				A0000011 /* TodoPiTests.xctest */,
			);
			name = Products;
			sourceTree = "<group>";
		};
		A0000004 /* TodoPi */ = {
			isa = PBXGroup;
			children = (
				A0000005 /* App */,
				A0000007 /* UI */,
			);
			path = TodoPi;
			sourceTree = "<group>";
		};
		A0000005 /* App */ = {
			isa = PBXGroup;
			children = (
				A0000012 /* TodoPiApp.swift */,
				A0000013 /* MenuBarController.swift */,
				A0000014 /* MainWindowController.swift */,
			);
			path = App;
			sourceTree = "<group>";
		};
		A0000006 /* TodoPiTests */ = {
			isa = PBXGroup;
			children = (
				A0000016 /* MainWindowControllerTests.swift */,
			);
			path = TodoPiTests;
			sourceTree = "<group>";
		};
		A0000007 /* UI */ = {
			isa = PBXGroup;
			children = (
				A0000015 /* MainWindowView.swift */,
			);
			path = UI;
			sourceTree = "<group>";
		};
/* End PBXGroup section */

/* Begin PBXNativeTarget section */
		A0000040 /* TodoPi */ = {
			isa = PBXNativeTarget;
			buildConfigurationList = A0000061 /* Build configuration list for PBXNativeTarget "TodoPi" */;
			buildPhases = (
				A0000030 /* Sources */,
				A0000031 /* Frameworks */,
				A0000032 /* Resources */,
			);
			buildRules = (
			);
			dependencies = (
			);
			name = TodoPi;
			productName = TodoPi;
			productReference = A0000010 /* TodoPi.app */;
			productType = "com.apple.product-type.application";
		};
		A0000041 /* TodoPiTests */ = {
			isa = PBXNativeTarget;
			buildConfigurationList = A0000062 /* Build configuration list for PBXNativeTarget "TodoPiTests" */;
			buildPhases = (
				A0000033 /* Sources */,
				A0000034 /* Frameworks */,
				A0000035 /* Resources */,
			);
			buildRules = (
			);
			dependencies = (
				A0000043 /* PBXTargetDependency */,
			);
			name = TodoPiTests;
			productName = TodoPiTests;
			productReference = A0000011 /* TodoPiTests.xctest */;
			productType = "com.apple.product-type.bundle.unit-test";
		};
/* End PBXNativeTarget section */

/* Begin PBXProject section */
		A0000001 /* Project object */ = {
			isa = PBXProject;
			attributes = {
				BuildIndependentTargetsInParallel = 1;
				LastSwiftUpdateCheck = 1600;
				LastUpgradeCheck = 1600;
			};
			buildConfigurationList = A0000060 /* Build configuration list for PBXProject "TodoPi" */;
			compatibilityVersion = "Xcode 14.0";
			developmentRegion = en;
			hasScannedForEncodings = 0;
			knownRegions = (
				en,
				Base,
			);
			mainGroup = A0000002;
			productRefGroup = A0000003 /* Products */;
			projectDirPath = "";
			projectRoot = "";
			targets = (
				A0000040 /* TodoPi */,
				A0000041 /* TodoPiTests */,
			);
		};
/* End PBXProject section */

/* Begin PBXResourcesBuildPhase section */
		A0000032 /* Resources */ = {
			isa = PBXResourcesBuildPhase;
			buildActionMask = 2147483647;
			files = (
			);
			runOnlyForDeploymentPostprocessing = 0;
		};
		A0000035 /* Resources */ = {
			isa = PBXResourcesBuildPhase;
			buildActionMask = 2147483647;
			files = (
			);
			runOnlyForDeploymentPostprocessing = 0;
		};
/* End PBXResourcesBuildPhase section */

/* Begin PBXSourcesBuildPhase section */
		A0000030 /* Sources */ = {
			isa = PBXSourcesBuildPhase;
			buildActionMask = 2147483647;
			files = (
				A0000020 /* TodoPiApp.swift in Sources */,
				A0000021 /* MenuBarController.swift in Sources */,
				A0000022 /* MainWindowController.swift in Sources */,
				A0000023 /* MainWindowView.swift in Sources */,
			);
			runOnlyForDeploymentPostprocessing = 0;
		};
		A0000033 /* Sources */ = {
			isa = PBXSourcesBuildPhase;
			buildActionMask = 2147483647;
			files = (
				A0000024 /* MainWindowControllerTests.swift in Sources */,
			);
			runOnlyForDeploymentPostprocessing = 0;
		};
/* End PBXSourcesBuildPhase section */

/* Begin PBXTargetDependency section */
		A0000043 /* PBXTargetDependency */ = {
			isa = PBXTargetDependency;
			target = A0000040 /* TodoPi */;
			targetProxy = A0000042 /* PBXContainerItemProxy */;
		};
/* End PBXTargetDependency section */

/* Begin XCBuildConfiguration section */
		A0000050 /* Debug */ = {
			isa = XCBuildConfiguration;
			buildSettings = {
				ALWAYS_SEARCH_USER_PATHS = NO;
				CLANG_ANALYZER_NONNULL = YES;
				CLANG_ENABLE_MODULES = YES;
				CLANG_ENABLE_OBJC_ARC = YES;
				COPY_PHASE_STRIP = NO;
				DEBUG_INFORMATION_FORMAT = dwarf;
				ENABLE_STRICT_OBJC_MSGSEND = YES;
				ENABLE_TESTABILITY = YES;
				GCC_DYNAMIC_NO_PIC = NO;
				GCC_NO_COMMON_BLOCKS = YES;
				GCC_OPTIMIZATION_LEVEL = 0;
				GCC_PREPROCESSOR_DEFINITIONS = (
					"DEBUG=1",
					"$(inherited)",
				);
				GCC_WARN_64_TO_32_BIT_CONVERSION = YES;
				GCC_WARN_ABOUT_RETURN_TYPE = YES_ERROR;
				GCC_WARN_UNDECLARED_SELECTOR = YES;
				GCC_WARN_UNINITIALIZED_AUTOS = YES_AGGRESSIVE;
				GCC_WARN_UNUSED_FUNCTION = YES;
				GCC_WARN_UNUSED_VARIABLE = YES;
				MACOSX_DEPLOYMENT_TARGET = 14.0;
				ONLY_ACTIVE_ARCH = YES;
				SDKROOT = macosx;
				SWIFT_ACTIVE_COMPILATION_CONDITIONS = DEBUG;
				SWIFT_OPTIMIZATION_LEVEL = "-Onone";
			};
			name = Debug;
		};
		A0000051 /* Release */ = {
			isa = XCBuildConfiguration;
			buildSettings = {
				ALWAYS_SEARCH_USER_PATHS = NO;
				CLANG_ANALYZER_NONNULL = YES;
				CLANG_ENABLE_MODULES = YES;
				CLANG_ENABLE_OBJC_ARC = YES;
				COPY_PHASE_STRIP = NO;
				DEBUG_INFORMATION_FORMAT = "dwarf-with-dsym";
				ENABLE_NS_ASSERTIONS = NO;
				ENABLE_STRICT_OBJC_MSGSEND = YES;
				GCC_NO_COMMON_BLOCKS = YES;
				GCC_WARN_64_TO_32_BIT_CONVERSION = YES;
				GCC_WARN_ABOUT_RETURN_TYPE = YES_ERROR;
				GCC_WARN_UNDECLARED_SELECTOR = YES;
				GCC_WARN_UNINITIALIZED_AUTOS = YES_AGGRESSIVE;
				GCC_WARN_UNUSED_FUNCTION = YES;
				GCC_WARN_UNUSED_VARIABLE = YES;
				MACOSX_DEPLOYMENT_TARGET = 14.0;
				SDKROOT = macosx;
				SWIFT_COMPILATION_MODE = wholemodule;
				SWIFT_OPTIMIZATION_LEVEL = "-O";
			};
			name = Release;
		};
		A0000052 /* Debug */ = {
			isa = XCBuildConfiguration;
			buildSettings = {
				CODE_SIGN_STYLE = Automatic;
				CODE_SIGNING_ALLOWED = NO;
				CODE_SIGNING_REQUIRED = NO;
				CURRENT_PROJECT_VERSION = 1;
				GENERATE_INFOPLIST_FILE = YES;
				INFOPLIST_KEY_CFBundleDisplayName = TodoPi;
				INFOPLIST_KEY_LSUIElement = YES;
				LD_RUNPATH_SEARCH_PATHS = (
					"$(inherited)",
					"@executable_path/../Frameworks",
				);
				MARKETING_VERSION = 0.1.0;
				PRODUCT_BUNDLE_IDENTIFIER = com.pat.todopi;
				PRODUCT_NAME = "$(TARGET_NAME)";
				SWIFT_ACTIVE_COMPILATION_CONDITIONS = "DEBUG $(inherited)";
				SWIFT_EMIT_LOC_STRINGS = YES;
				SWIFT_VERSION = 5.0;
			};
			name = Debug;
		};
		A0000053 /* Release */ = {
			isa = XCBuildConfiguration;
			buildSettings = {
				CODE_SIGN_STYLE = Automatic;
				CODE_SIGNING_ALLOWED = NO;
				CODE_SIGNING_REQUIRED = NO;
				CURRENT_PROJECT_VERSION = 1;
				GENERATE_INFOPLIST_FILE = YES;
				INFOPLIST_KEY_CFBundleDisplayName = TodoPi;
				INFOPLIST_KEY_LSUIElement = YES;
				LD_RUNPATH_SEARCH_PATHS = (
					"$(inherited)",
					"@executable_path/../Frameworks",
				);
				MARKETING_VERSION = 0.1.0;
				PRODUCT_BUNDLE_IDENTIFIER = com.pat.todopi;
				PRODUCT_NAME = "$(TARGET_NAME)";
				SWIFT_EMIT_LOC_STRINGS = YES;
				SWIFT_VERSION = 5.0;
			};
			name = Release;
		};
		A0000054 /* Debug */ = {
			isa = XCBuildConfiguration;
			buildSettings = {
				BUNDLE_LOADER = "$(TEST_HOST)";
				CODE_SIGN_STYLE = Automatic;
				CODE_SIGNING_ALLOWED = NO;
				CODE_SIGNING_REQUIRED = NO;
				CURRENT_PROJECT_VERSION = 1;
				GENERATE_INFOPLIST_FILE = YES;
				MARKETING_VERSION = 0.1.0;
				PRODUCT_BUNDLE_IDENTIFIER = com.pat.todopi.tests;
				PRODUCT_NAME = "$(TARGET_NAME)";
				SWIFT_ACTIVE_COMPILATION_CONDITIONS = "DEBUG $(inherited)";
				SWIFT_VERSION = 5.0;
				TEST_HOST = "$(BUILT_PRODUCTS_DIR)/TodoPi.app/Contents/MacOS/TodoPi";
				TEST_TARGET_NAME = TodoPi;
			};
			name = Debug;
		};
		A0000055 /* Release */ = {
			isa = XCBuildConfiguration;
			buildSettings = {
				BUNDLE_LOADER = "$(TEST_HOST)";
				CODE_SIGN_STYLE = Automatic;
				CODE_SIGNING_ALLOWED = NO;
				CODE_SIGNING_REQUIRED = NO;
				CURRENT_PROJECT_VERSION = 1;
				GENERATE_INFOPLIST_FILE = YES;
				MARKETING_VERSION = 0.1.0;
				PRODUCT_BUNDLE_IDENTIFIER = com.pat.todopi.tests;
				PRODUCT_NAME = "$(TARGET_NAME)";
				SWIFT_VERSION = 5.0;
				TEST_HOST = "$(BUILT_PRODUCTS_DIR)/TodoPi.app/Contents/MacOS/TodoPi";
				TEST_TARGET_NAME = TodoPi;
			};
			name = Release;
		};
/* End XCBuildConfiguration section */

/* Begin XCConfigurationList section */
		A0000060 /* Build configuration list for PBXProject "TodoPi" */ = {
			isa = XCConfigurationList;
			buildConfigurations = (
				A0000050 /* Debug */,
				A0000051 /* Release */,
			);
			defaultConfigurationIsVisible = 0;
			defaultConfigurationName = Release;
		};
		A0000061 /* Build configuration list for PBXNativeTarget "TodoPi" */ = {
			isa = XCConfigurationList;
			buildConfigurations = (
				A0000052 /* Debug */,
				A0000053 /* Release */,
			);
			defaultConfigurationIsVisible = 0;
			defaultConfigurationName = Release;
		};
		A0000062 /* Build configuration list for PBXNativeTarget "TodoPiTests" */ = {
			isa = XCConfigurationList;
			buildConfigurations = (
				A0000054 /* Debug */,
				A0000055 /* Release */,
			);
			defaultConfigurationIsVisible = 0;
			defaultConfigurationName = Release;
		};
/* End XCConfigurationList section */
	};
	rootObject = A0000001 /* Project object */;
}
